
Microsoft Visual Studio Solution File, Format Version 12.00
# Visual Studio Version 17
VisualStudioVersion = 17.5.33502.453
MinimumVisualStudioVersion = 10.0.40219.1
Project("{FAE04EC0-301F-11D3-BF4B-00C04F79EFBC}") = "Task2", "Task2\Task2.csproj", "{844A51B2-3F01-4190-9207-E4578BC8A5EE}"
EndProject
Project("{FAE04EC0-301F-11D3-BF4B-00C04F79EFBC}") = "AddTask", "AddTask\AddTask.csproj", "{D3ED911D-A496-42E1-B0F8-C3A214071D97}"
EndProject
Global
	GlobalSection(SolutionConfigurationPlatforms) = preSolution
		Debug|Any CPU = Debug|Any CPU
		Release|Any CPU = Release|Any CPU
	EndGlobalSection
	GlobalSection(ProjectConfigurationPlatforms) = postSolution
		{844A51B2-3F01-4190-9207-E4578BC8A5EE}.Debug|Any CPU.ActiveCfg = Debug|Any CPU
		{844A51B2-3F01-4190-9207-E4578BC8A5EE}.Debug|Any CPU.Build.0 = Debug|Any CPU
		{844A51B2-3F01-4190-9207-E4578BC8A5EE}.Release|Any CPU.ActiveCfg = Release|Any CPU
		{844A51B2-3F01-4190-9207-E4578BC8A5EE}.Release|Any CPU.Build.0 = Release|Any CPU
		{D3ED911D-A496-42E1-B0F8-C3A214071D97}.Debug|Any CPU.ActiveCfg = Debug|Any CPU
		{D3ED911D-A496-42E1-B0F8-C3A214071D97}.Debug|Any CPU.Build.0 = Debug|Any CPU
		{D3ED911D-A496-42E1-B0F8-C3A214071D97}.Release|Any CPU.ActiveCfg = Release|Any CPU
		{D3ED911D-A496-42E1-B0F8-C3A214071D97}.Release|Any CPU.Build.0 = Release|Any CPU
	EndGlobalSection
	GlobalSection(SolutionProperties) = preSolution
		HideSolutionNode = FALSE
	EndGlobalSection
	GlobalSection(ExtensibilityGlobals) = postSolution
		SolutionGuid = {92D272AC-F100-46A4-A372-D846A90E9C95}
	EndGlobalSection
EndGlobal
